
Microsoft Visual Studio Solution File, Format Version 12.00
# Visual Studio Version 17
VisualStudioVersion = 17.7.34031.279
MinimumVisualStudioVersion = 10.0.40219.1
Project("{FAE04EC0-301F-11D3-BF4B-00C04F79EFBC}") = "Task_1", "Task_1.csproj", "{CC009D3B-9B08-442C-998B-4EFD4DB40221}"
EndProject
Global
	GlobalSection(SolutionConfigurationPlatforms) = preSolution
		Debug|Any CPU = Debug|Any CPU
		Release|Any CPU = Release|Any CPU
	EndGlobalSection
	GlobalSection(ProjectConfigurationPlatforms) = postSolution
		{CC009D3B-9B08-442C-998B-4EFD4DB40221}.Debug|Any CPU.ActiveCfg = Debug|Any CPU
		{CC009D3B-9B08-442C-998B-4EFD4DB40221}.Debug|Any CPU.Build.0 = Debug|Any CPU
		{CC009D3B-9B08-442C-998B-4EFD4DB40221}.Release|Any CPU.ActiveCfg = Release|Any CPU
		{CC009D3B-9B08-442C-998B-4EFD4DB40221}.Release|Any CPU.Build.0 = Release|Any CPU
	EndGlobalSection
	GlobalSection(SolutionProperties) = preSolution
		HideSolutionNode = FALSE
	EndGlobalSection
	GlobalSection(ExtensibilityGlobals) = postSolution
		SolutionGuid = {8DB08185-26FA-4FF7-AC80-8108DBD560BA}
	EndGlobalSection
EndGlobal
